// !$*UTF8*$!
{
	archiveVersion = 1;
	classes = {
	};
	objectVersion = 56;
	objects = {

/* Begin PBXBuildFile section */
		9112BD622C693F3300791C05 /* RecordSettingsCoordinator.swift in Sources */ = {isa = PBXBuildFile; fileRef = 9112BD612C693F3300791C05 /* RecordSettingsCoordinator.swift */; };
		9112BD672C693F4C00791C05 /* RecordSettingsRootView.swift in Sources */ = {isa = PBXBuildFile; fileRef = 9112BD662C693F4C00791C05 /* RecordSettingsRootView.swift */; };
		9112BD692C693F5900791C05 /* RecordSettingsViewController.swift in Sources */ = {isa = PBXBuildFile; fileRef = 9112BD682C693F5900791C05 /* RecordSettingsViewController.swift */; };
		9112BD6B2C693F6100791C05 /* RecordSettingsViewModel.swift in Sources */ = {isa = PBXBuildFile; fileRef = 9112BD6A2C693F6100791C05 /* RecordSettingsViewModel.swift */; };
		9112BD6E2C694B3C00791C05 /* RCPanmodalController.swift in Sources */ = {isa = PBXBuildFile; fileRef = 9112BD6D2C694B3C00791C05 /* RCPanmodalController.swift */; };
		9123A1CC2C6BE6B2004E28F9 /* RetailCamPersistantContainer.xcdatamodeld in Sources */ = {isa = PBXBuildFile; fileRef = 9123A1CA2C6BE6B2004E28F9 /* RetailCamPersistantContainer.xcdatamodeld */; };
		9123A1D22C6BE74F004E28F9 /* CoreDataManager.swift in Sources */ = {isa = PBXBuildFile; fileRef = 9123A1D12C6BE74F004E28F9 /* CoreDataManager.swift */; };
		9123A1D92C6BE8CA004E28F9 /* PhotoEntity+CoreDataClass.swift in Sources */ = {isa = PBXBuildFile; fileRef = 9123A1D72C6BE8CA004E28F9 /* PhotoEntity+CoreDataClass.swift */; };
		9123A1DA2C6BE8CA004E28F9 /* PhotoEntity+CoreDataProperties.swift in Sources */ = {isa = PBXBuildFile; fileRef = 9123A1D82C6BE8CA004E28F9 /* PhotoEntity+CoreDataProperties.swift */; };
		9123A1DC2C6BEA4B004E28F9 /* Date++.swift in Sources */ = {isa = PBXBuildFile; fileRef = 9123A1DB2C6BEA4B004E28F9 /* Date++.swift */; };
		91DBA1872C6D2B6800FD9CC2 /* SinglePhotoDetailCoordinator.swift in Sources */ = {isa = PBXBuildFile; fileRef = 91DBA1862C6D2B6800FD9CC2 /* SinglePhotoDetailCoordinator.swift */; };
		91DBA18C2C6D2B8A00FD9CC2 /* SinglePhotoDetailRootView.swift in Sources */ = {isa = PBXBuildFile; fileRef = 91DBA18B2C6D2B8A00FD9CC2 /* SinglePhotoDetailRootView.swift */; };
		91DBA18E2C6D2B9900FD9CC2 /* SinglePhotoDetailViewController.swift in Sources */ = {isa = PBXBuildFile; fileRef = 91DBA18D2C6D2B9900FD9CC2 /* SinglePhotoDetailViewController.swift */; };
		91DBA1902C6D2BA100FD9CC2 /* SinglePhotoDetailViewModel.swift in Sources */ = {isa = PBXBuildFile; fileRef = 91DBA18F2C6D2BA100FD9CC2 /* SinglePhotoDetailViewModel.swift */; };
		91DBA1942C6D6A8C00FD9CC2 /* RCFileManager.swift in Sources */ = {isa = PBXBuildFile; fileRef = 91DBA1932C6D6A8C00FD9CC2 /* RCFileManager.swift */; };
		91DBA1962C6D6AB000FD9CC2 /* RCImageLoader.swift in Sources */ = {isa = PBXBuildFile; fileRef = 91DBA1952C6D6AB000FD9CC2 /* RCImageLoader.swift */; };
		91F6F76E2C67359B00F7D312 /* AppDelegate.swift in Sources */ = {isa = PBXBuildFile; fileRef = 91F6F76D2C67359B00F7D312 /* AppDelegate.swift */; };
		91F6F7702C67359B00F7D312 /* SceneDelegate.swift in Sources */ = {isa = PBXBuildFile; fileRef = 91F6F76F2C67359B00F7D312 /* SceneDelegate.swift */; };
		91F6F7772C67359C00F7D312 /* Assets.xcassets in Resources */ = {isa = PBXBuildFile; fileRef = 91F6F7762C67359C00F7D312 /* Assets.xcassets */; };
		91F6F77A2C67359C00F7D312 /* LaunchScreen.storyboard in Resources */ = {isa = PBXBuildFile; fileRef = 91F6F7782C67359C00F7D312 /* LaunchScreen.storyboard */; };
		91F6F7852C67359C00F7D312 /* RetailCamTests.swift in Sources */ = {isa = PBXBuildFile; fileRef = 91F6F7842C67359C00F7D312 /* RetailCamTests.swift */; };
		91F6F78F2C67359C00F7D312 /* RetailCamUITests.swift in Sources */ = {isa = PBXBuildFile; fileRef = 91F6F78E2C67359C00F7D312 /* RetailCamUITests.swift */; };
		91F6F7912C67359C00F7D312 /* RetailCamUITestsLaunchTests.swift in Sources */ = {isa = PBXBuildFile; fileRef = 91F6F7902C67359C00F7D312 /* RetailCamUITestsLaunchTests.swift */; };
		91F6F7A02C67386F00F7D312 /* ApplicationCoordinator.swift in Sources */ = {isa = PBXBuildFile; fileRef = 91F6F79F2C67386F00F7D312 /* ApplicationCoordinator.swift */; };
		91F6F7A62C673A9400F7D312 /* SplashViewController.swift in Sources */ = {isa = PBXBuildFile; fileRef = 91F6F7A52C673A9400F7D312 /* SplashViewController.swift */; };
		91F6F7A82C673A9A00F7D312 /* SplashViewModel.swift in Sources */ = {isa = PBXBuildFile; fileRef = 91F6F7A72C673A9A00F7D312 /* SplashViewModel.swift */; };
		91F6F7AC2C673AE600F7D312 /* NiblessViewController.swift in Sources */ = {isa = PBXBuildFile; fileRef = 91F6F7AB2C673AE600F7D312 /* NiblessViewController.swift */; };
		91F6F7AF2C673D1400F7D312 /* SplashCoordinator.swift in Sources */ = {isa = PBXBuildFile; fileRef = 91F6F7AE2C673D1400F7D312 /* SplashCoordinator.swift */; };
		91F6F7B22C67406700F7D312 /* RecordCoordinator.swift in Sources */ = {isa = PBXBuildFile; fileRef = 91F6F7B12C67406700F7D312 /* RecordCoordinator.swift */; };
		91F6F7B72C67408C00F7D312 /* RecordViewController.swift in Sources */ = {isa = PBXBuildFile; fileRef = 91F6F7B62C67408C00F7D312 /* RecordViewController.swift */; };
		91F6F7B92C67409300F7D312 /* RecordViewModel.swift in Sources */ = {isa = PBXBuildFile; fileRef = 91F6F7B82C67409300F7D312 /* RecordViewModel.swift */; };
		91F6F7BB2C67557500F7D312 /* RecordRootView.swift in Sources */ = {isa = PBXBuildFile; fileRef = 91F6F7BA2C67557500F7D312 /* RecordRootView.swift */; };
		91F6F7BD2C67558F00F7D312 /* NiblessView.swift in Sources */ = {isa = PBXBuildFile; fileRef = 91F6F7BC2C67558F00F7D312 /* NiblessView.swift */; };
		91F6F7BF2C6757AA00F7D312 /* SplashRootView.swift in Sources */ = {isa = PBXBuildFile; fileRef = 91F6F7BE2C6757AA00F7D312 /* SplashRootView.swift */; };
		91F6F7C32C675FB900F7D312 /* RecordButton.swift in Sources */ = {isa = PBXBuildFile; fileRef = 91F6F7C22C675FB900F7D312 /* RecordButton.swift */; };
		91F6F7C72C675FEC00F7D312 /* Recordable.swift in Sources */ = {isa = PBXBuildFile; fileRef = 91F6F7C62C675FEC00F7D312 /* Recordable.swift */; };
		91F6F7CB2C67707D00F7D312 /* RecordDetailsCoordinator.swift in Sources */ = {isa = PBXBuildFile; fileRef = 91F6F7CA2C67707D00F7D312 /* RecordDetailsCoordinator.swift */; };
		91F6F7D02C67709C00F7D312 /* RecordDetailsViewModel.swift in Sources */ = {isa = PBXBuildFile; fileRef = 91F6F7CF2C67709C00F7D312 /* RecordDetailsViewModel.swift */; };
		91F6F7D22C6770A900F7D312 /* RecordDetailsRootView.swift in Sources */ = {isa = PBXBuildFile; fileRef = 91F6F7D12C6770A900F7D312 /* RecordDetailsRootView.swift */; };
		91F6F7D42C6770B200F7D312 /* RecordDetailsViewController.swift in Sources */ = {isa = PBXBuildFile; fileRef = 91F6F7D32C6770B200F7D312 /* RecordDetailsViewController.swift */; };
		91F6F7D72C677B3500F7D312 /* VideoSourceView.swift in Sources */ = {isa = PBXBuildFile; fileRef = 91F6F7D62C677B3500F7D312 /* VideoSourceView.swift */; };
		91F6F7D92C67B70600F7D312 /* RecordDetailsCollectionViewModel.swift in Sources */ = {isa = PBXBuildFile; fileRef = 91F6F7D82C67B70600F7D312 /* RecordDetailsCollectionViewModel.swift */; };
		91F6F7DC2C67BA7100F7D312 /* UIView++.swift in Sources */ = {isa = PBXBuildFile; fileRef = 91F6F7DB2C67BA7100F7D312 /* UIView++.swift */; };
		91F6F7DF2C67BBF200F7D312 /* RecordDetailsCollectionViewCell.swift in Sources */ = {isa = PBXBuildFile; fileRef = 91F6F7DE2C67BBF200F7D312 /* RecordDetailsCollectionViewCell.swift */; };
		91F6F7E12C67BC1100F7D312 /* NiblessCollectionViewCell.swift in Sources */ = {isa = PBXBuildFile; fileRef = 91F6F7E02C67BC1100F7D312 /* NiblessCollectionViewCell.swift */; };
		91F6F7E32C67BE8B00F7D312 /* UICollectionView++.swift in Sources */ = {isa = PBXBuildFile; fileRef = 91F6F7E22C67BE8B00F7D312 /* UICollectionView++.swift */; };
		91F6F7E52C67BEBF00F7D312 /* Dequeuable++.swift in Sources */ = {isa = PBXBuildFile; fileRef = 91F6F7E42C67BEBF00F7D312 /* Dequeuable++.swift */; };
		91F6F7E92C67C06D00F7D312 /* Photo.swift in Sources */ = {isa = PBXBuildFile; fileRef = 91F6F7E82C67C06D00F7D312 /* Photo.swift */; };
		91F6F7EC2C67C81B00F7D312 /* MetalPetal in Frameworks */ = {isa = PBXBuildFile; productRef = 91F6F7EB2C67C81B00F7D312 /* MetalPetal */; };
		91F6F7EF2C67C8EB00F7D312 /* RetailCameraManager.swift in Sources */ = {isa = PBXBuildFile; fileRef = 91F6F7EE2C67C8EB00F7D312 /* RetailCameraManager.swift */; };
		91F6F7F12C68CD2800F7D312 /* UIApplication++.swift in Sources */ = {isa = PBXBuildFile; fileRef = 91F6F7F02C68CD2800F7D312 /* UIApplication++.swift */; };
		91F6F7F32C68CD4500F7D312 /* PermissionManager.swift in Sources */ = {isa = PBXBuildFile; fileRef = 91F6F7F22C68CD4500F7D312 /* PermissionManager.swift */; };
/* End PBXBuildFile section */

/* Begin PBXContainerItemProxy section */
		91F6F7812C67359C00F7D312 /* PBXContainerItemProxy */ = {
			isa = PBXContainerItemProxy;
			containerPortal = 91F6F7622C67359B00F7D312 /* Project object */;
			proxyType = 1;
			remoteGlobalIDString = 91F6F7692C67359B00F7D312;
			remoteInfo = RetailCam;
		};
		91F6F78B2C67359C00F7D312 /* PBXContainerItemProxy */ = {
			isa = PBXContainerItemProxy;
			containerPortal = 91F6F7622C67359B00F7D312 /* Project object */;
			proxyType = 1;
			remoteGlobalIDString = 91F6F7692C67359B00F7D312;
			remoteInfo = RetailCam;
		};
/* End PBXContainerItemProxy section */

/* Begin PBXFileReference section */
		9112BD612C693F3300791C05 /* RecordSettingsCoordinator.swift */ = {isa = PBXFileReference; lastKnownFileType = sourcecode.swift; path = RecordSettingsCoordinator.swift; sourceTree = "<group>"; };
		9112BD662C693F4C00791C05 /* RecordSettingsRootView.swift */ = {isa = PBXFileReference; lastKnownFileType = sourcecode.swift; path = RecordSettingsRootView.swift; sourceTree = "<group>"; };
		9112BD682C693F5900791C05 /* RecordSettingsViewController.swift */ = {isa = PBXFileReference; lastKnownFileType = sourcecode.swift; path = RecordSettingsViewController.swift; sourceTree = "<group>"; };
		9112BD6A2C693F6100791C05 /* RecordSettingsViewModel.swift */ = {isa = PBXFileReference; lastKnownFileType = sourcecode.swift; path = RecordSettingsViewModel.swift; sourceTree = "<group>"; };
		9112BD6D2C694B3C00791C05 /* RCPanmodalController.swift */ = {isa = PBXFileReference; lastKnownFileType = sourcecode.swift; path = RCPanmodalController.swift; sourceTree = "<group>"; };
		9123A1CB2C6BE6B2004E28F9 /* RetailCamPersistantContainer.xcdatamodel */ = {isa = PBXFileReference; lastKnownFileType = wrapper.xcdatamodel; path = RetailCamPersistantContainer.xcdatamodel; sourceTree = "<group>"; };
		9123A1D12C6BE74F004E28F9 /* CoreDataManager.swift */ = {isa = PBXFileReference; lastKnownFileType = sourcecode.swift; path = CoreDataManager.swift; sourceTree = "<group>"; };
		9123A1D72C6BE8CA004E28F9 /* PhotoEntity+CoreDataClass.swift */ = {isa = PBXFileReference; lastKnownFileType = sourcecode.swift; path = "PhotoEntity+CoreDataClass.swift"; sourceTree = "<group>"; };
		9123A1D82C6BE8CA004E28F9 /* PhotoEntity+CoreDataProperties.swift */ = {isa = PBXFileReference; lastKnownFileType = sourcecode.swift; path = "PhotoEntity+CoreDataProperties.swift"; sourceTree = "<group>"; };
		9123A1DB2C6BEA4B004E28F9 /* Date++.swift */ = {isa = PBXFileReference; lastKnownFileType = sourcecode.swift; path = "Date++.swift"; sourceTree = "<group>"; };
		91DBA1862C6D2B6800FD9CC2 /* SinglePhotoDetailCoordinator.swift */ = {isa = PBXFileReference; lastKnownFileType = sourcecode.swift; path = SinglePhotoDetailCoordinator.swift; sourceTree = "<group>"; };
		91DBA18B2C6D2B8A00FD9CC2 /* SinglePhotoDetailRootView.swift */ = {isa = PBXFileReference; lastKnownFileType = sourcecode.swift; path = SinglePhotoDetailRootView.swift; sourceTree = "<group>"; };
		91DBA18D2C6D2B9900FD9CC2 /* SinglePhotoDetailViewController.swift */ = {isa = PBXFileReference; lastKnownFileType = sourcecode.swift; path = SinglePhotoDetailViewController.swift; sourceTree = "<group>"; };
		91DBA18F2C6D2BA100FD9CC2 /* SinglePhotoDetailViewModel.swift */ = {isa = PBXFileReference; lastKnownFileType = sourcecode.swift; path = SinglePhotoDetailViewModel.swift; sourceTree = "<group>"; };
		91DBA1932C6D6A8C00FD9CC2 /* RCFileManager.swift */ = {isa = PBXFileReference; fileEncoding = 4; lastKnownFileType = sourcecode.swift; path = RCFileManager.swift; sourceTree = "<group>"; };
		91DBA1952C6D6AB000FD9CC2 /* RCImageLoader.swift */ = {isa = PBXFileReference; fileEncoding = 4; lastKnownFileType = sourcecode.swift; path = RCImageLoader.swift; sourceTree = "<group>"; };
		91F6F76A2C67359B00F7D312 /* RetailCam.app */ = {isa = PBXFileReference; explicitFileType = wrapper.application; includeInIndex = 0; path = RetailCam.app; sourceTree = BUILT_PRODUCTS_DIR; };
		91F6F76D2C67359B00F7D312 /* AppDelegate.swift */ = {isa = PBXFileReference; lastKnownFileType = sourcecode.swift; path = AppDelegate.swift; sourceTree = "<group>"; };
		91F6F76F2C67359B00F7D312 /* SceneDelegate.swift */ = {isa = PBXFileReference; lastKnownFileType = sourcecode.swift; path = SceneDelegate.swift; sourceTree = "<group>"; };
		91F6F7762C67359C00F7D312 /* Assets.xcassets */ = {isa = PBXFileReference; lastKnownFileType = folder.assetcatalog; path = Assets.xcassets; sourceTree = "<group>"; };
		91F6F7792C67359C00F7D312 /* Base */ = {isa = PBXFileReference; lastKnownFileType = file.storyboard; name = Base; path = Base.lproj/LaunchScreen.storyboard; sourceTree = "<group>"; };
		91F6F77B2C67359C00F7D312 /* Info.plist */ = {isa = PBXFileReference; lastKnownFileType = text.plist.xml; path = Info.plist; sourceTree = "<group>"; };
		91F6F7802C67359C00F7D312 /* RetailCamTests.xctest */ = {isa = PBXFileReference; explicitFileType = wrapper.cfbundle; includeInIndex = 0; path = RetailCamTests.xctest; sourceTree = BUILT_PRODUCTS_DIR; };
		91F6F7842C67359C00F7D312 /* RetailCamTests.swift */ = {isa = PBXFileReference; lastKnownFileType = sourcecode.swift; path = RetailCamTests.swift; sourceTree = "<group>"; };
		91F6F78A2C67359C00F7D312 /* RetailCamUITests.xctest */ = {isa = PBXFileReference; explicitFileType = wrapper.cfbundle; includeInIndex = 0; path = RetailCamUITests.xctest; sourceTree = BUILT_PRODUCTS_DIR; };
		91F6F78E2C67359C00F7D312 /* RetailCamUITests.swift */ = {isa = PBXFileReference; lastKnownFileType = sourcecode.swift; path = RetailCamUITests.swift; sourceTree = "<group>"; };
		91F6F7902C67359C00F7D312 /* RetailCamUITestsLaunchTests.swift */ = {isa = PBXFileReference; lastKnownFileType = sourcecode.swift; path = RetailCamUITestsLaunchTests.swift; sourceTree = "<group>"; };
		91F6F79F2C67386F00F7D312 /* ApplicationCoordinator.swift */ = {isa = PBXFileReference; lastKnownFileType = sourcecode.swift; path = ApplicationCoordinator.swift; sourceTree = "<group>"; };
		91F6F7A52C673A9400F7D312 /* SplashViewController.swift */ = {isa = PBXFileReference; lastKnownFileType = sourcecode.swift; path = SplashViewController.swift; sourceTree = "<group>"; };
		91F6F7A72C673A9A00F7D312 /* SplashViewModel.swift */ = {isa = PBXFileReference; lastKnownFileType = sourcecode.swift; path = SplashViewModel.swift; sourceTree = "<group>"; };
		91F6F7AB2C673AE600F7D312 /* NiblessViewController.swift */ = {isa = PBXFileReference; lastKnownFileType = sourcecode.swift; path = NiblessViewController.swift; sourceTree = "<group>"; };
		91F6F7AE2C673D1400F7D312 /* SplashCoordinator.swift */ = {isa = PBXFileReference; lastKnownFileType = sourcecode.swift; path = SplashCoordinator.swift; sourceTree = "<group>"; };
		91F6F7B12C67406700F7D312 /* RecordCoordinator.swift */ = {isa = PBXFileReference; lastKnownFileType = sourcecode.swift; path = RecordCoordinator.swift; sourceTree = "<group>"; };
		91F6F7B62C67408C00F7D312 /* RecordViewController.swift */ = {isa = PBXFileReference; lastKnownFileType = sourcecode.swift; path = RecordViewController.swift; sourceTree = "<group>"; };
		91F6F7B82C67409300F7D312 /* RecordViewModel.swift */ = {isa = PBXFileReference; lastKnownFileType = sourcecode.swift; path = RecordViewModel.swift; sourceTree = "<group>"; };
		91F6F7BA2C67557500F7D312 /* RecordRootView.swift */ = {isa = PBXFileReference; lastKnownFileType = sourcecode.swift; path = RecordRootView.swift; sourceTree = "<group>"; };
		91F6F7BC2C67558F00F7D312 /* NiblessView.swift */ = {isa = PBXFileReference; lastKnownFileType = sourcecode.swift; path = NiblessView.swift; sourceTree = "<group>"; };
		91F6F7BE2C6757AA00F7D312 /* SplashRootView.swift */ = {isa = PBXFileReference; lastKnownFileType = sourcecode.swift; path = SplashRootView.swift; sourceTree = "<group>"; };
		91F6F7C22C675FB900F7D312 /* RecordButton.swift */ = {isa = PBXFileReference; lastKnownFileType = sourcecode.swift; path = RecordButton.swift; sourceTree = "<group>"; };
		91F6F7C62C675FEC00F7D312 /* Recordable.swift */ = {isa = PBXFileReference; lastKnownFileType = sourcecode.swift; path = Recordable.swift; sourceTree = "<group>"; };
		91F6F7CA2C67707D00F7D312 /* RecordDetailsCoordinator.swift */ = {isa = PBXFileReference; lastKnownFileType = sourcecode.swift; path = RecordDetailsCoordinator.swift; sourceTree = "<group>"; wrapsLines = 0; };
		91F6F7CF2C67709C00F7D312 /* RecordDetailsViewModel.swift */ = {isa = PBXFileReference; lastKnownFileType = sourcecode.swift; path = RecordDetailsViewModel.swift; sourceTree = "<group>"; };
		91F6F7D12C6770A900F7D312 /* RecordDetailsRootView.swift */ = {isa = PBXFileReference; lastKnownFileType = sourcecode.swift; path = RecordDetailsRootView.swift; sourceTree = "<group>"; };
		91F6F7D32C6770B200F7D312 /* RecordDetailsViewController.swift */ = {isa = PBXFileReference; lastKnownFileType = sourcecode.swift; path = RecordDetailsViewController.swift; sourceTree = "<group>"; };
		91F6F7D62C677B3500F7D312 /* VideoSourceView.swift */ = {isa = PBXFileReference; lastKnownFileType = sourcecode.swift; path = VideoSourceView.swift; sourceTree = "<group>"; };
		91F6F7D82C67B70600F7D312 /* RecordDetailsCollectionViewModel.swift */ = {isa = PBXFileReference; lastKnownFileType = sourcecode.swift; path = RecordDetailsCollectionViewModel.swift; sourceTree = "<group>"; };
		91F6F7DB2C67BA7100F7D312 /* UIView++.swift */ = {isa = PBXFileReference; lastKnownFileType = sourcecode.swift; path = "UIView++.swift"; sourceTree = "<group>"; };
		91F6F7DE2C67BBF200F7D312 /* RecordDetailsCollectionViewCell.swift */ = {isa = PBXFileReference; lastKnownFileType = sourcecode.swift; path = RecordDetailsCollectionViewCell.swift; sourceTree = "<group>"; };
		91F6F7E02C67BC1100F7D312 /* NiblessCollectionViewCell.swift */ = {isa = PBXFileReference; lastKnownFileType = sourcecode.swift; path = NiblessCollectionViewCell.swift; sourceTree = "<group>"; };
		91F6F7E22C67BE8B00F7D312 /* UICollectionView++.swift */ = {isa = PBXFileReference; lastKnownFileType = sourcecode.swift; path = "UICollectionView++.swift"; sourceTree = "<group>"; };
		91F6F7E42C67BEBF00F7D312 /* Dequeuable++.swift */ = {isa = PBXFileReference; lastKnownFileType = sourcecode.swift; path = "Dequeuable++.swift"; sourceTree = "<group>"; };
		91F6F7E82C67C06D00F7D312 /* Photo.swift */ = {isa = PBXFileReference; lastKnownFileType = sourcecode.swift; path = Photo.swift; sourceTree = "<group>"; };
		91F6F7EE2C67C8EB00F7D312 /* RetailCameraManager.swift */ = {isa = PBXFileReference; lastKnownFileType = sourcecode.swift; path = RetailCameraManager.swift; sourceTree = "<group>"; };
		91F6F7F02C68CD2800F7D312 /* UIApplication++.swift */ = {isa = PBXFileReference; lastKnownFileType = sourcecode.swift; path = "UIApplication++.swift"; sourceTree = "<group>"; };
		91F6F7F22C68CD4500F7D312 /* PermissionManager.swift */ = {isa = PBXFileReference; lastKnownFileType = sourcecode.swift; path = PermissionManager.swift; sourceTree = "<group>"; };
/* End PBXFileReference section */

/* Begin PBXFrameworksBuildPhase section */
		91F6F7672C67359B00F7D312 /* Frameworks */ = {
			isa = PBXFrameworksBuildPhase;
			buildActionMask = 2147483647;
			files = (
				91F6F7EC2C67C81B00F7D312 /* MetalPetal in Frameworks */,
			);
			runOnlyForDeploymentPostprocessing = 0;
		};
		91F6F77D2C67359C00F7D312 /* Frameworks */ = {
			isa = PBXFrameworksBuildPhase;
			buildActionMask = 2147483647;
			files = (
			);
			runOnlyForDeploymentPostprocessing = 0;
		};
		91F6F7872C67359C00F7D312 /* Frameworks */ = {
			isa = PBXFrameworksBuildPhase;
			buildActionMask = 2147483647;
			files = (
			);
			runOnlyForDeploymentPostprocessing = 0;
		};
/* End PBXFrameworksBuildPhase section */

/* Begin PBXGroup section */
		9112BD602C693EFB00791C05 /* RecordSettingsFeature */ = {
			isa = PBXGroup;
			children = (
				9112BD612C693F3300791C05 /* RecordSettingsCoordinator.swift */,
				9112BD632C693F3700791C05 /* Presentation */,
			);
			path = RecordSettingsFeature;
			sourceTree = "<group>";
		};
		9112BD632C693F3700791C05 /* Presentation */ = {
			isa = PBXGroup;
			children = (
				9112BD642C693F3C00791C05 /* View */,
				9112BD652C693F4000791C05 /* ViewModel */,
			);
			path = Presentation;
			sourceTree = "<group>";
		};
		9112BD642C693F3C00791C05 /* View */ = {
			isa = PBXGroup;
			children = (
				9112BD662C693F4C00791C05 /* RecordSettingsRootView.swift */,
				9112BD682C693F5900791C05 /* RecordSettingsViewController.swift */,
			);
			path = View;
			sourceTree = "<group>";
		};
		9112BD652C693F4000791C05 /* ViewModel */ = {
			isa = PBXGroup;
			children = (
				9112BD6A2C693F6100791C05 /* RecordSettingsViewModel.swift */,
			);
			path = ViewModel;
			sourceTree = "<group>";
		};
		9123A1C92C6BE687004E28F9 /* Persistance */ = {
			isa = PBXGroup;
			children = (
				9123A1D72C6BE8CA004E28F9 /* PhotoEntity+CoreDataClass.swift */,
				9123A1D82C6BE8CA004E28F9 /* PhotoEntity+CoreDataProperties.swift */,
				9123A1CA2C6BE6B2004E28F9 /* RetailCamPersistantContainer.xcdatamodeld */,
			);
			path = Persistance;
			sourceTree = "<group>";
		};
		91DBA1852C6D2B4700FD9CC2 /* SinglePhotoDetailFeature */ = {
			isa = PBXGroup;
			children = (
				91DBA1862C6D2B6800FD9CC2 /* SinglePhotoDetailCoordinator.swift */,
				91DBA1882C6D2B6D00FD9CC2 /* Presentation */,
			);
			path = SinglePhotoDetailFeature;
			sourceTree = "<group>";
		};
		91DBA1882C6D2B6D00FD9CC2 /* Presentation */ = {
			isa = PBXGroup;
			children = (
				91DBA1892C6D2B7700FD9CC2 /* View */,
				91DBA18A2C6D2B7900FD9CC2 /* ViewModel */,
			);
			path = Presentation;
			sourceTree = "<group>";
		};
		91DBA1892C6D2B7700FD9CC2 /* View */ = {
			isa = PBXGroup;
			children = (
				91DBA18B2C6D2B8A00FD9CC2 /* SinglePhotoDetailRootView.swift */,
				91DBA18D2C6D2B9900FD9CC2 /* SinglePhotoDetailViewController.swift */,
			);
			path = View;
			sourceTree = "<group>";
		};
		91DBA18A2C6D2B7900FD9CC2 /* ViewModel */ = {
			isa = PBXGroup;
			children = (
				91DBA18F2C6D2BA100FD9CC2 /* SinglePhotoDetailViewModel.swift */,
			);
			path = ViewModel;
			sourceTree = "<group>";
		};
		91F6F7612C67359B00F7D312 = {
			isa = PBXGroup;
			children = (
				91F6F76C2C67359B00F7D312 /* RetailCam */,
				91F6F7832C67359C00F7D312 /* RetailCamTests */,
				91F6F78D2C67359C00F7D312 /* RetailCamUITests */,
				91F6F76B2C67359B00F7D312 /* Products */,
			);
			sourceTree = "<group>";
		};
		91F6F76B2C67359B00F7D312 /* Products */ = {
			isa = PBXGroup;
			children = (
				91F6F76A2C67359B00F7D312 /* RetailCam.app */,
				91F6F7802C67359C00F7D312 /* RetailCamTests.xctest */,
				91F6F78A2C67359C00F7D312 /* RetailCamUITests.xctest */,
			);
			name = Products;
			sourceTree = "<group>";
		};
		91F6F76C2C67359B00F7D312 /* RetailCam */ = {
			isa = PBXGroup;
			children = (
				91F6F7C82C67705700F7D312 /* Sources */,
				91F6F7E62C67C05500F7D312 /* Shared */,
				91F6F7A92C673ABD00F7D312 /* UI */,
				91F6F79D2C6737DD00F7D312 /* Root */,
				91F6F7AA2C673AC800F7D312 /* AppLifecycle */,
				91F6F77B2C67359C00F7D312 /* Info.plist */,
				91F6F79E2C67385500F7D312 /* Resources */,
			);
			path = RetailCam;
			sourceTree = "<group>";
		};
		91F6F7832C67359C00F7D312 /* RetailCamTests */ = {
			isa = PBXGroup;
			children = (
				91F6F7842C67359C00F7D312 /* RetailCamTests.swift */,
			);
			path = RetailCamTests;
			sourceTree = "<group>";
		};
		91F6F78D2C67359C00F7D312 /* RetailCamUITests */ = {
			isa = PBXGroup;
			children = (
				91F6F78E2C67359C00F7D312 /* RetailCamUITests.swift */,
				91F6F7902C67359C00F7D312 /* RetailCamUITestsLaunchTests.swift */,
			);
			path = RetailCamUITests;
			sourceTree = "<group>";
		};
		91F6F79D2C6737DD00F7D312 /* Root */ = {
			isa = PBXGroup;
			children = (
				91F6F79F2C67386F00F7D312 /* ApplicationCoordinator.swift */,
			);
			path = Root;
			sourceTree = "<group>";
		};
		91F6F79E2C67385500F7D312 /* Resources */ = {
			isa = PBXGroup;
			children = (
				91F6F7762C67359C00F7D312 /* Assets.xcassets */,
				91F6F7782C67359C00F7D312 /* LaunchScreen.storyboard */,
			);
			path = Resources;
			sourceTree = "<group>";
		};
		91F6F7A12C673A2400F7D312 /* SplashFeature */ = {
			isa = PBXGroup;
			children = (
				91F6F7AE2C673D1400F7D312 /* SplashCoordinator.swift */,
				91F6F7A22C673A6D00F7D312 /* Presentation */,
			);
			path = SplashFeature;
			sourceTree = "<group>";
		};
		91F6F7A22C673A6D00F7D312 /* Presentation */ = {
			isa = PBXGroup;
			children = (
				91F6F7A32C673A7900F7D312 /* View */,
				91F6F7A42C673A7D00F7D312 /* ViewModel */,
			);
			path = Presentation;
			sourceTree = "<group>";
		};
		91F6F7A32C673A7900F7D312 /* View */ = {
			isa = PBXGroup;
			children = (
				91F6F7BE2C6757AA00F7D312 /* SplashRootView.swift */,
				91F6F7A52C673A9400F7D312 /* SplashViewController.swift */,
			);
			path = View;
			sourceTree = "<group>";
		};
		91F6F7A42C673A7D00F7D312 /* ViewModel */ = {
			isa = PBXGroup;
			children = (
				91F6F7A72C673A9A00F7D312 /* SplashViewModel.swift */,
			);
			path = ViewModel;
			sourceTree = "<group>";
		};
		91F6F7A92C673ABD00F7D312 /* UI */ = {
			isa = PBXGroup;
			children = (
				91F6F7DA2C67BA6900F7D312 /* Extensions */,
				91F6F7C52C675FDD00F7D312 /* Protocols */,
				91F6F7C42C675FD500F7D312 /* Components */,
			);
			path = UI;
			sourceTree = "<group>";
		};
		91F6F7AA2C673AC800F7D312 /* AppLifecycle */ = {
			isa = PBXGroup;
			children = (
				91F6F76D2C67359B00F7D312 /* AppDelegate.swift */,
				91F6F76F2C67359B00F7D312 /* SceneDelegate.swift */,
			);
			path = AppLifecycle;
			sourceTree = "<group>";
		};
		91F6F7B02C67402600F7D312 /* RecordFeature */ = {
			isa = PBXGroup;
			children = (
				91F6F7B12C67406700F7D312 /* RecordCoordinator.swift */,
				91F6F7B32C67406800F7D312 /* Presentation */,
			);
			path = RecordFeature;
			sourceTree = "<group>";
		};
		91F6F7B32C67406800F7D312 /* Presentation */ = {
			isa = PBXGroup;
			children = (
				91F6F7B42C67406F00F7D312 /* View */,
				91F6F7B52C67407000F7D312 /* ViewModel */,
			);
			path = Presentation;
			sourceTree = "<group>";
		};
		91F6F7B42C67406F00F7D312 /* View */ = {
			isa = PBXGroup;
			children = (
				91F6F7BA2C67557500F7D312 /* RecordRootView.swift */,
				91F6F7B62C67408C00F7D312 /* RecordViewController.swift */,
			);
			path = View;
			sourceTree = "<group>";
		};
		91F6F7B52C67407000F7D312 /* ViewModel */ = {
			isa = PBXGroup;
			children = (
				91F6F7B82C67409300F7D312 /* RecordViewModel.swift */,
			);
			path = ViewModel;
			sourceTree = "<group>";
		};
		91F6F7C42C675FD500F7D312 /* Components */ = {
			isa = PBXGroup;
			children = (
				91F6F7C22C675FB900F7D312 /* RecordButton.swift */,
				91F6F7D62C677B3500F7D312 /* VideoSourceView.swift */,
			);
			path = Components;
			sourceTree = "<group>";
		};
		91F6F7C52C675FDD00F7D312 /* Protocols */ = {
			isa = PBXGroup;
			children = (
				91F6F7AB2C673AE600F7D312 /* NiblessViewController.swift */,
				91F6F7BC2C67558F00F7D312 /* NiblessView.swift */,
				91F6F7C62C675FEC00F7D312 /* Recordable.swift */,
				91F6F7E02C67BC1100F7D312 /* NiblessCollectionViewCell.swift */,
			);
			path = Protocols;
			sourceTree = "<group>";
		};
		91F6F7C82C67705700F7D312 /* Sources */ = {
			isa = PBXGroup;
			children = (
				91F6F7A12C673A2400F7D312 /* SplashFeature */,
				91F6F7B02C67402600F7D312 /* RecordFeature */,
				91F6F7C92C67705E00F7D312 /* RecordDetailsFeature */,
				9112BD602C693EFB00791C05 /* RecordSettingsFeature */,
				91DBA1852C6D2B4700FD9CC2 /* SinglePhotoDetailFeature */,
			);
			path = Sources;
			sourceTree = "<group>";
		};
		91F6F7C92C67705E00F7D312 /* RecordDetailsFeature */ = {
			isa = PBXGroup;
			children = (
				91F6F7CA2C67707D00F7D312 /* RecordDetailsCoordinator.swift */,
				91F6F7CC2C67708200F7D312 /* Presentation */,
			);
			path = RecordDetailsFeature;
			sourceTree = "<group>";
		};
		91F6F7CC2C67708200F7D312 /* Presentation */ = {
			isa = PBXGroup;
			children = (
				91F6F7CE2C67709000F7D312 /* View */,
				91F6F7CD2C67708700F7D312 /* ViewModel */,
			);
			path = Presentation;
			sourceTree = "<group>";
		};
		91F6F7CD2C67708700F7D312 /* ViewModel */ = {
			isa = PBXGroup;
			children = (
				91F6F7CF2C67709C00F7D312 /* RecordDetailsViewModel.swift */,
				91F6F7D82C67B70600F7D312 /* RecordDetailsCollectionViewModel.swift */,
			);
			name = ViewModel;
			path = "ViewModelü";
			sourceTree = "<group>";
		};
		91F6F7CE2C67709000F7D312 /* View */ = {
			isa = PBXGroup;
			children = (
				91F6F7DD2C67BBE000F7D312 /* Cells */,
				91F6F7D12C6770A900F7D312 /* RecordDetailsRootView.swift */,
				91F6F7D32C6770B200F7D312 /* RecordDetailsViewController.swift */,
			);
			path = View;
			sourceTree = "<group>";
		};
		91F6F7DA2C67BA6900F7D312 /* Extensions */ = {
			isa = PBXGroup;
			children = (
				91F6F7DB2C67BA7100F7D312 /* UIView++.swift */,
				91F6F7E22C67BE8B00F7D312 /* UICollectionView++.swift */,
				91F6F7E42C67BEBF00F7D312 /* Dequeuable++.swift */,
				91F6F7F02C68CD2800F7D312 /* UIApplication++.swift */,
				9123A1DB2C6BEA4B004E28F9 /* Date++.swift */,
			);
			path = Extensions;
			sourceTree = "<group>";
		};
		91F6F7DD2C67BBE000F7D312 /* Cells */ = {
			isa = PBXGroup;
			children = (
				91F6F7DE2C67BBF200F7D312 /* RecordDetailsCollectionViewCell.swift */,
			);
			path = Cells;
			sourceTree = "<group>";
		};
		91F6F7E62C67C05500F7D312 /* Shared */ = {
			isa = PBXGroup;
			children = (
				9123A1C92C6BE687004E28F9 /* Persistance */,
				91F6F7ED2C67C8E000F7D312 /* Managers */,
				91F6F7E72C67C05900F7D312 /* Entities */,
				9112BD6D2C694B3C00791C05 /* RCPanmodalController.swift */,
			);
			path = Shared;
			sourceTree = "<group>";
		};
		91F6F7E72C67C05900F7D312 /* Entities */ = {
			isa = PBXGroup;
			children = (
				91F6F7E82C67C06D00F7D312 /* Photo.swift */,
			);
			path = Entities;
			sourceTree = "<group>";
		};
		91F6F7ED2C67C8E000F7D312 /* Managers */ = {
			isa = PBXGroup;
			children = (
				91F6F7EE2C67C8EB00F7D312 /* RetailCameraManager.swift */,
				91F6F7F22C68CD4500F7D312 /* PermissionManager.swift */,
				91DBA1932C6D6A8C00FD9CC2 /* RCFileManager.swift */,
				91DBA1952C6D6AB000FD9CC2 /* RCImageLoader.swift */,
				9123A1D12C6BE74F004E28F9 /* CoreDataManager.swift */,
			);
			path = Managers;
			sourceTree = "<group>";
		};
/* End PBXGroup section */

/* Begin PBXNativeTarget section */
		91F6F7692C67359B00F7D312 /* RetailCam */ = {
			isa = PBXNativeTarget;
			buildConfigurationList = 91F6F7942C67359C00F7D312 /* Build configuration list for PBXNativeTarget "RetailCam" */;
			buildPhases = (
				91F6F7662C67359B00F7D312 /* Sources */,
				91F6F7672C67359B00F7D312 /* Frameworks */,
				91F6F7682C67359B00F7D312 /* Resources */,
			);
			buildRules = (
			);
			dependencies = (
			);
			name = RetailCam;
			packageProductDependencies = (
				91F6F7EB2C67C81B00F7D312 /* MetalPetal */,
			);
			productName = RetailCam;
			productReference = 91F6F76A2C67359B00F7D312 /* RetailCam.app */;
			productType = "com.apple.product-type.application";
		};
		91F6F77F2C67359C00F7D312 /* RetailCamTests */ = {
			isa = PBXNativeTarget;
			buildConfigurationList = 91F6F7972C67359C00F7D312 /* Build configuration list for PBXNativeTarget "RetailCamTests" */;
			buildPhases = (
				91F6F77C2C67359C00F7D312 /* Sources */,
				91F6F77D2C67359C00F7D312 /* Frameworks */,
				91F6F77E2C67359C00F7D312 /* Resources */,
			);
			buildRules = (
			);
			dependencies = (
				91F6F7822C67359C00F7D312 /* PBXTargetDependency */,
			);
			name = RetailCamTests;
			productName = RetailCamTests;
			productReference = 91F6F7802C67359C00F7D312 /* RetailCamTests.xctest */;
			productType = "com.apple.product-type.bundle.unit-test";
		};
		91F6F7892C67359C00F7D312 /* RetailCamUITests */ = {
			isa = PBXNativeTarget;
			buildConfigurationList = 91F6F79A2C67359C00F7D312 /* Build configuration list for PBXNativeTarget "RetailCamUITests" */;
			buildPhases = (
				91F6F7862C67359C00F7D312 /* Sources */,
				91F6F7872C67359C00F7D312 /* Frameworks */,
				91F6F7882C67359C00F7D312 /* Resources */,
			);
			buildRules = (
			);
			dependencies = (
				91F6F78C2C67359C00F7D312 /* PBXTargetDependency */,
			);
			name = RetailCamUITests;
			productName = RetailCamUITests;
			productReference = 91F6F78A2C67359C00F7D312 /* RetailCamUITests.xctest */;
			productType = "com.apple.product-type.bundle.ui-testing";
		};
/* End PBXNativeTarget section */

/* Begin PBXProject section */
		91F6F7622C67359B00F7D312 /* Project object */ = {
			isa = PBXProject;
			attributes = {
				BuildIndependentTargetsInParallel = 1;
				LastSwiftUpdateCheck = 1500;
				LastUpgradeCheck = 1500;
				TargetAttributes = {
					91F6F7692C67359B00F7D312 = {
						CreatedOnToolsVersion = 15.0.1;
					};
					91F6F77F2C67359C00F7D312 = {
						CreatedOnToolsVersion = 15.0.1;
						TestTargetID = 91F6F7692C67359B00F7D312;
					};
					91F6F7892C67359C00F7D312 = {
						CreatedOnToolsVersion = 15.0.1;
						TestTargetID = 91F6F7692C67359B00F7D312;
					};
				};
			};
			buildConfigurationList = 91F6F7652C67359B00F7D312 /* Build configuration list for PBXProject "RetailCam" */;
			compatibilityVersion = "Xcode 14.0";
			developmentRegion = en;
			hasScannedForEncodings = 0;
			knownRegions = (
				en,
				Base,
			);
			mainGroup = 91F6F7612C67359B00F7D312;
			packageReferences = (
				91F6F7EA2C67C81B00F7D312 /* XCRemoteSwiftPackageReference "MetalPetal" */,
			);
			productRefGroup = 91F6F76B2C67359B00F7D312 /* Products */;
			projectDirPath = "";
			projectRoot = "";
			targets = (
				91F6F7692C67359B00F7D312 /* RetailCam */,
				91F6F77F2C67359C00F7D312 /* RetailCamTests */,
				91F6F7892C67359C00F7D312 /* RetailCamUITests */,
			);
		};
/* End PBXProject section */

/* Begin PBXResourcesBuildPhase section */
		91F6F7682C67359B00F7D312 /* Resources */ = {
			isa = PBXResourcesBuildPhase;
			buildActionMask = 2147483647;
			files = (
				91F6F77A2C67359C00F7D312 /* LaunchScreen.storyboard in Resources */,
				91F6F7772C67359C00F7D312 /* Assets.xcassets in Resources */,
			);
			runOnlyForDeploymentPostprocessing = 0;
		};
		91F6F77E2C67359C00F7D312 /* Resources */ = {
			isa = PBXResourcesBuildPhase;
			buildActionMask = 2147483647;
			files = (
			);
			runOnlyForDeploymentPostprocessing = 0;
		};
		91F6F7882C67359C00F7D312 /* Resources */ = {
			isa = PBXResourcesBuildPhase;
			buildActionMask = 2147483647;
			files = (
			);
			runOnlyForDeploymentPostprocessing = 0;
		};
/* End PBXResourcesBuildPhase section */

/* Begin PBXSourcesBuildPhase section */
		91F6F7662C67359B00F7D312 /* Sources */ = {
			isa = PBXSourcesBuildPhase;
			buildActionMask = 2147483647;
			files = (
				91F6F7A82C673A9A00F7D312 /* SplashViewModel.swift in Sources */,
				9123A1CC2C6BE6B2004E28F9 /* RetailCamPersistantContainer.xcdatamodeld in Sources */,
				91F6F7AC2C673AE600F7D312 /* NiblessViewController.swift in Sources */,
				91F6F7CB2C67707D00F7D312 /* RecordDetailsCoordinator.swift in Sources */,
				9123A1D92C6BE8CA004E28F9 /* PhotoEntity+CoreDataClass.swift in Sources */,
				91F6F7E92C67C06D00F7D312 /* Photo.swift in Sources */,
				91F6F7D72C677B3500F7D312 /* VideoSourceView.swift in Sources */,
				91F6F7A02C67386F00F7D312 /* ApplicationCoordinator.swift in Sources */,
				91F6F7F12C68CD2800F7D312 /* UIApplication++.swift in Sources */,
				91F6F7BD2C67558F00F7D312 /* NiblessView.swift in Sources */,
				91DBA1942C6D6A8C00FD9CC2 /* RCFileManager.swift in Sources */,
				91F6F7BF2C6757AA00F7D312 /* SplashRootView.swift in Sources */,
				91F6F7D22C6770A900F7D312 /* RecordDetailsRootView.swift in Sources */,
				91F6F7EF2C67C8EB00F7D312 /* RetailCameraManager.swift in Sources */,
				91DBA1902C6D2BA100FD9CC2 /* SinglePhotoDetailViewModel.swift in Sources */,
				9112BD672C693F4C00791C05 /* RecordSettingsRootView.swift in Sources */,
				91F6F7E32C67BE8B00F7D312 /* UICollectionView++.swift in Sources */,
				91F6F7B92C67409300F7D312 /* RecordViewModel.swift in Sources */,
				91DBA18E2C6D2B9900FD9CC2 /* SinglePhotoDetailViewController.swift in Sources */,
				91F6F7E12C67BC1100F7D312 /* NiblessCollectionViewCell.swift in Sources */,
				9112BD692C693F5900791C05 /* RecordSettingsViewController.swift in Sources */,
				91F6F7BB2C67557500F7D312 /* RecordRootView.swift in Sources */,
				91F6F7DC2C67BA7100F7D312 /* UIView++.swift in Sources */,
				91F6F7C72C675FEC00F7D312 /* Recordable.swift in Sources */,
				91F6F7DF2C67BBF200F7D312 /* RecordDetailsCollectionViewCell.swift in Sources */,
				9123A1D22C6BE74F004E28F9 /* CoreDataManager.swift in Sources */,
				91DBA18C2C6D2B8A00FD9CC2 /* SinglePhotoDetailRootView.swift in Sources */,
				91F6F7B72C67408C00F7D312 /* RecordViewController.swift in Sources */,
				9123A1DC2C6BEA4B004E28F9 /* Date++.swift in Sources */,
				9123A1DA2C6BE8CA004E28F9 /* PhotoEntity+CoreDataProperties.swift in Sources */,
				91F6F76E2C67359B00F7D312 /* AppDelegate.swift in Sources */,
				91F6F7AF2C673D1400F7D312 /* SplashCoordinator.swift in Sources */,
				9112BD6E2C694B3C00791C05 /* RCPanmodalController.swift in Sources */,
				91F6F7D42C6770B200F7D312 /* RecordDetailsViewController.swift in Sources */,
				91F6F7C32C675FB900F7D312 /* RecordButton.swift in Sources */,
				91DBA1872C6D2B6800FD9CC2 /* SinglePhotoDetailCoordinator.swift in Sources */,
				91F6F7E52C67BEBF00F7D312 /* Dequeuable++.swift in Sources */,
				9112BD622C693F3300791C05 /* RecordSettingsCoordinator.swift in Sources */,
				9112BD6B2C693F6100791C05 /* RecordSettingsViewModel.swift in Sources */,
				91DBA1962C6D6AB000FD9CC2 /* RCImageLoader.swift in Sources */,
				91F6F7D02C67709C00F7D312 /* RecordDetailsViewModel.swift in Sources */,
				91F6F7B22C67406700F7D312 /* RecordCoordinator.swift in Sources */,
				91F6F7F32C68CD4500F7D312 /* PermissionManager.swift in Sources */,
				91F6F7D92C67B70600F7D312 /* RecordDetailsCollectionViewModel.swift in Sources */,
				91F6F7702C67359B00F7D312 /* SceneDelegate.swift in Sources */,
				91F6F7A62C673A9400F7D312 /* SplashViewController.swift in Sources */,
			);
			runOnlyForDeploymentPostprocessing = 0;
		};
		91F6F77C2C67359C00F7D312 /* Sources */ = {
			isa = PBXSourcesBuildPhase;
			buildActionMask = 2147483647;
			files = (
				91F6F7852C67359C00F7D312 /* RetailCamTests.swift in Sources */,
			);
			runOnlyForDeploymentPostprocessing = 0;
		};
		91F6F7862C67359C00F7D312 /* Sources */ = {
			isa = PBXSourcesBuildPhase;
			buildActionMask = 2147483647;
			files = (
				91F6F78F2C67359C00F7D312 /* RetailCamUITests.swift in Sources */,
				91F6F7912C67359C00F7D312 /* RetailCamUITestsLaunchTests.swift in Sources */,
			);
			runOnlyForDeploymentPostprocessing = 0;
		};
/* End PBXSourcesBuildPhase section */

/* Begin PBXTargetDependency section */
		91F6F7822C67359C00F7D312 /* PBXTargetDependency */ = {
			isa = PBXTargetDependency;
			target = 91F6F7692C67359B00F7D312 /* RetailCam */;
			targetProxy = 91F6F7812C67359C00F7D312 /* PBXContainerItemProxy */;
		};
		91F6F78C2C67359C00F7D312 /* PBXTargetDependency */ = {
			isa = PBXTargetDependency;
			target = 91F6F7692C67359B00F7D312 /* RetailCam */;
			targetProxy = 91F6F78B2C67359C00F7D312 /* PBXContainerItemProxy */;
		};
/* End PBXTargetDependency section */

/* Begin PBXVariantGroup section */
		91F6F7782C67359C00F7D312 /* LaunchScreen.storyboard */ = {
			isa = PBXVariantGroup;
			children = (
				91F6F7792C67359C00F7D312 /* Base */,
			);
			name = LaunchScreen.storyboard;
			sourceTree = "<group>";
		};
/* End PBXVariantGroup section */

/* Begin XCBuildConfiguration section */
		91F6F7922C67359C00F7D312 /* Debug */ = {
			isa = XCBuildConfiguration;
			buildSettings = {
				ALWAYS_SEARCH_USER_PATHS = NO;
				ASSETCATALOG_COMPILER_GENERATE_SWIFT_ASSET_SYMBOL_EXTENSIONS = YES;
				CLANG_ANALYZER_NONNULL = YES;
				CLANG_ANALYZER_NUMBER_OBJECT_CONVERSION = YES_AGGRESSIVE;
				CLANG_CXX_LANGUAGE_STANDARD = "gnu++20";
				CLANG_ENABLE_MODULES = YES;
				CLANG_ENABLE_OBJC_ARC = YES;
				CLANG_ENABLE_OBJC_WEAK = YES;
				CLANG_WARN_BLOCK_CAPTURE_AUTORELEASING = YES;
				CLANG_WARN_BOOL_CONVERSION = YES;
				CLANG_WARN_COMMA = YES;
				CLANG_WARN_CONSTANT_CONVERSION = YES;
				CLANG_WARN_DEPRECATED_OBJC_IMPLEMENTATIONS = YES;
				CLANG_WARN_DIRECT_OBJC_ISA_USAGE = YES_ERROR;
				CLANG_WARN_DOCUMENTATION_COMMENTS = YES;
				CLANG_WARN_EMPTY_BODY = YES;
				CLANG_WARN_ENUM_CONVERSION = YES;
				CLANG_WARN_INFINITE_RECURSION = YES;
				CLANG_WARN_INT_CONVERSION = YES;
				CLANG_WARN_NON_LITERAL_NULL_CONVERSION = YES;
				CLANG_WARN_OBJC_IMPLICIT_RETAIN_SELF = YES;
				CLANG_WARN_OBJC_LITERAL_CONVERSION = YES;
				CLANG_WARN_OBJC_ROOT_CLASS = YES_ERROR;
				CLANG_WARN_QUOTED_INCLUDE_IN_FRAMEWORK_HEADER = YES;
				CLANG_WARN_RANGE_LOOP_ANALYSIS = YES;
				CLANG_WARN_STRICT_PROTOTYPES = YES;
				CLANG_WARN_SUSPICIOUS_MOVE = YES;
				CLANG_WARN_UNGUARDED_AVAILABILITY = YES_AGGRESSIVE;
				CLANG_WARN_UNREACHABLE_CODE = YES;
				CLANG_WARN__DUPLICATE_METHOD_MATCH = YES;
				COPY_PHASE_STRIP = NO;
				DEBUG_INFORMATION_FORMAT = dwarf;
				ENABLE_STRICT_OBJC_MSGSEND = YES;
				ENABLE_TESTABILITY = YES;
				ENABLE_USER_SCRIPT_SANDBOXING = YES;
				GCC_C_LANGUAGE_STANDARD = gnu17;
				GCC_DYNAMIC_NO_PIC = NO;
				GCC_NO_COMMON_BLOCKS = YES;
				GCC_OPTIMIZATION_LEVEL = 0;
				GCC_PREPROCESSOR_DEFINITIONS = (
					"DEBUG=1",
					"$(inherited)",
				);
				GCC_WARN_64_TO_32_BIT_CONVERSION = YES;
				GCC_WARN_ABOUT_RETURN_TYPE = YES_ERROR;
				GCC_WARN_UNDECLARED_SELECTOR = YES;
				GCC_WARN_UNINITIALIZED_AUTOS = YES_AGGRESSIVE;
				GCC_WARN_UNUSED_FUNCTION = YES;
				GCC_WARN_UNUSED_VARIABLE = YES;
				IPHONEOS_DEPLOYMENT_TARGET = 17.0;
				LOCALIZATION_PREFERS_STRING_CATALOGS = YES;
				MTL_ENABLE_DEBUG_INFO = INCLUDE_SOURCE;
				MTL_FAST_MATH = YES;
				ONLY_ACTIVE_ARCH = YES;
				SDKROOT = iphoneos;
				SWIFT_ACTIVE_COMPILATION_CONDITIONS = "DEBUG $(inherited)";
				SWIFT_OPTIMIZATION_LEVEL = "-Onone";
			};
			name = Debug;
		};
		91F6F7932C67359C00F7D312 /* Release */ = {
			isa = XCBuildConfiguration;
			buildSettings = {
				ALWAYS_SEARCH_USER_PATHS = NO;
				ASSETCATALOG_COMPILER_GENERATE_SWIFT_ASSET_SYMBOL_EXTENSIONS = YES;
				CLANG_ANALYZER_NONNULL = YES;
				CLANG_ANALYZER_NUMBER_OBJECT_CONVERSION = YES_AGGRESSIVE;
				CLANG_CXX_LANGUAGE_STANDARD = "gnu++20";
				CLANG_ENABLE_MODULES = YES;
				CLANG_ENABLE_OBJC_ARC = YES;
				CLANG_ENABLE_OBJC_WEAK = YES;
				CLANG_WARN_BLOCK_CAPTURE_AUTORELEASING = YES;
				CLANG_WARN_BOOL_CONVERSION = YES;
				CLANG_WARN_COMMA = YES;
				CLANG_WARN_CONSTANT_CONVERSION = YES;
				CLANG_WARN_DEPRECATED_OBJC_IMPLEMENTATIONS = YES;
				CLANG_WARN_DIRECT_OBJC_ISA_USAGE = YES_ERROR;
				CLANG_WARN_DOCUMENTATION_COMMENTS = YES;
				CLANG_WARN_EMPTY_BODY = YES;
				CLANG_WARN_ENUM_CONVERSION = YES;
				CLANG_WARN_INFINITE_RECURSION = YES;
				CLANG_WARN_INT_CONVERSION = YES;
				CLANG_WARN_NON_LITERAL_NULL_CONVERSION = YES;
				CLANG_WARN_OBJC_IMPLICIT_RETAIN_SELF = YES;
				CLANG_WARN_OBJC_LITERAL_CONVERSION = YES;
				CLANG_WARN_OBJC_ROOT_CLASS = YES_ERROR;
				CLANG_WARN_QUOTED_INCLUDE_IN_FRAMEWORK_HEADER = YES;
				CLANG_WARN_RANGE_LOOP_ANALYSIS = YES;
				CLANG_WARN_STRICT_PROTOTYPES = YES;
				CLANG_WARN_SUSPICIOUS_MOVE = YES;
				CLANG_WARN_UNGUARDED_AVAILABILITY = YES_AGGRESSIVE;
				CLANG_WARN_UNREACHABLE_CODE = YES;
				CLANG_WARN__DUPLICATE_METHOD_MATCH = YES;
				COPY_PHASE_STRIP = NO;
				DEBUG_INFORMATION_FORMAT = "dwarf-with-dsym";
				ENABLE_NS_ASSERTIONS = NO;
				ENABLE_STRICT_OBJC_MSGSEND = YES;
				ENABLE_USER_SCRIPT_SANDBOXING = YES;
				GCC_C_LANGUAGE_STANDARD = gnu17;
				GCC_NO_COMMON_BLOCKS = YES;
				GCC_WARN_64_TO_32_BIT_CONVERSION = YES;
				GCC_WARN_ABOUT_RETURN_TYPE = YES_ERROR;
				GCC_WARN_UNDECLARED_SELECTOR = YES;
				GCC_WARN_UNINITIALIZED_AUTOS = YES_AGGRESSIVE;
				GCC_WARN_UNUSED_FUNCTION = YES;
				GCC_WARN_UNUSED_VARIABLE = YES;
				IPHONEOS_DEPLOYMENT_TARGET = 17.0;
				LOCALIZATION_PREFERS_STRING_CATALOGS = YES;
				MTL_ENABLE_DEBUG_INFO = NO;
				MTL_FAST_MATH = YES;
				SDKROOT = iphoneos;
				SWIFT_COMPILATION_MODE = wholemodule;
				VALIDATE_PRODUCT = YES;
			};
			name = Release;
		};
		91F6F7952C67359C00F7D312 /* Debug */ = {
			isa = XCBuildConfiguration;
			buildSettings = {
				ASSETCATALOG_COMPILER_APPICON_NAME = AppIcon;
				ASSETCATALOG_COMPILER_GLOBAL_ACCENT_COLOR_NAME = AccentColor;
				CODE_SIGN_STYLE = Automatic;
				CURRENT_PROJECT_VERSION = 1;
				DEVELOPMENT_TEAM = G853KP8PLG;
				GENERATE_INFOPLIST_FILE = YES;
				INFOPLIST_FILE = RetailCam/Info.plist;
				INFOPLIST_KEY_CFBundleDisplayName = RetailCam;
				INFOPLIST_KEY_NSCameraUsageDescription = "Allow camera";
				INFOPLIST_KEY_UIApplicationSupportsIndirectInputEvents = YES;
				INFOPLIST_KEY_UILaunchStoryboardName = LaunchScreen;
				INFOPLIST_KEY_UISupportedInterfaceOrientations_iPad = "UIInterfaceOrientationPortrait UIInterfaceOrientationPortraitUpsideDown UIInterfaceOrientationLandscapeLeft UIInterfaceOrientationLandscapeRight";
				INFOPLIST_KEY_UISupportedInterfaceOrientations_iPhone = "UIInterfaceOrientationPortrait UIInterfaceOrientationLandscapeLeft UIInterfaceOrientationLandscapeRight";
				IPHONEOS_DEPLOYMENT_TARGET = 15.0;
				LD_RUNPATH_SEARCH_PATHS = (
					"$(inherited)",
					"@executable_path/Frameworks",
				);
				MARKETING_VERSION = 1.0;
				PRODUCT_BUNDLE_IDENTIFIER = com.retailCam.io;
				PRODUCT_NAME = "$(TARGET_NAME)";
				SWIFT_EMIT_LOC_STRINGS = YES;
				SWIFT_STRICT_CONCURRENCY = targeted;
				SWIFT_VERSION = 5.0;
				TARGETED_DEVICE_FAMILY = "1,2";
			};
			name = Debug;
		};
		91F6F7962C67359C00F7D312 /* Release */ = {
			isa = XCBuildConfiguration;
			buildSettings = {
				ASSETCATALOG_COMPILER_APPICON_NAME = AppIcon;
				ASSETCATALOG_COMPILER_GLOBAL_ACCENT_COLOR_NAME = AccentColor;
				CODE_SIGN_STYLE = Automatic;
				CURRENT_PROJECT_VERSION = 1;
				DEVELOPMENT_TEAM = G853KP8PLG;
				GENERATE_INFOPLIST_FILE = YES;
				INFOPLIST_FILE = RetailCam/Info.plist;
				INFOPLIST_KEY_CFBundleDisplayName = RetailCam;
				INFOPLIST_KEY_NSCameraUsageDescription = "Allow camera";
				INFOPLIST_KEY_UIApplicationSupportsIndirectInputEvents = YES;
				INFOPLIST_KEY_UILaunchStoryboardName = LaunchScreen;
				INFOPLIST_KEY_UISupportedInterfaceOrientations_iPad = "UIInterfaceOrientationPortrait UIInterfaceOrientationPortraitUpsideDown UIInterfaceOrientationLandscapeLeft UIInterfaceOrientationLandscapeRight";
				INFOPLIST_KEY_UISupportedInterfaceOrientations_iPhone = "UIInterfaceOrientationPortrait UIInterfaceOrientationLandscapeLeft UIInterfaceOrientationLandscapeRight";
				IPHONEOS_DEPLOYMENT_TARGET = 15.0;
				LD_RUNPATH_SEARCH_PATHS = (
					"$(inherited)",
					"@executable_path/Frameworks",
				);
				MARKETING_VERSION = 1.0;
				PRODUCT_BUNDLE_IDENTIFIER = com.retailCam.io;
				PRODUCT_NAME = "$(TARGET_NAME)";
				SWIFT_EMIT_LOC_STRINGS = YES;
				SWIFT_STRICT_CONCURRENCY = targeted;
				SWIFT_VERSION = 5.0;
				TARGETED_DEVICE_FAMILY = "1,2";
			};
			name = Release;
		};
		91F6F7982C67359C00F7D312 /* Debug */ = {
			isa = XCBuildConfiguration;
			buildSettings = {
				ALWAYS_EMBED_SWIFT_STANDARD_LIBRARIES = YES;
				BUNDLE_LOADER = "$(TEST_HOST)";
				CODE_SIGN_STYLE = Automatic;
				CURRENT_PROJECT_VERSION = 1;
				DEVELOPMENT_TEAM = G853KP8PLG;
				GENERATE_INFOPLIST_FILE = YES;
				IPHONEOS_DEPLOYMENT_TARGET = 17.0;
				MARKETING_VERSION = 1.0;
				PRODUCT_BUNDLE_IDENTIFIER = com.retailCam.io.RetailCamTests;
				PRODUCT_NAME = "$(TARGET_NAME)";
				SWIFT_EMIT_LOC_STRINGS = NO;
				SWIFT_VERSION = 5.0;
				TARGETED_DEVICE_FAMILY = "1,2";
				TEST_HOST = "$(BUILT_PRODUCTS_DIR)/RetailCam.app/$(BUNDLE_EXECUTABLE_FOLDER_PATH)/RetailCam";
			};
			name = Debug;
		};
		91F6F7992C67359C00F7D312 /* Release */ = {
			isa = XCBuildConfiguration;
			buildSettings = {
				ALWAYS_EMBED_SWIFT_STANDARD_LIBRARIES = YES;
				BUNDLE_LOADER = "$(TEST_HOST)";
				CODE_SIGN_STYLE = Automatic;
				CURRENT_PROJECT_VERSION = 1;
				DEVELOPMENT_TEAM = G853KP8PLG;
				GENERATE_INFOPLIST_FILE = YES;
				IPHONEOS_DEPLOYMENT_TARGET = 17.0;
				MARKETING_VERSION = 1.0;
				PRODUCT_BUNDLE_IDENTIFIER = com.retailCam.io.RetailCamTests;
				PRODUCT_NAME = "$(TARGET_NAME)";
				SWIFT_EMIT_LOC_STRINGS = NO;
				SWIFT_VERSION = 5.0;
				TARGETED_DEVICE_FAMILY = "1,2";
				TEST_HOST = "$(BUILT_PRODUCTS_DIR)/RetailCam.app/$(BUNDLE_EXECUTABLE_FOLDER_PATH)/RetailCam";
			};
			name = Release;
		};
		91F6F79B2C67359C00F7D312 /* Debug */ = {
			isa = XCBuildConfiguration;
			buildSettings = {
				ALWAYS_EMBED_SWIFT_STANDARD_LIBRARIES = YES;
				CODE_SIGN_STYLE = Automatic;
				CURRENT_PROJECT_VERSION = 1;
				DEVELOPMENT_TEAM = G853KP8PLG;
				GENERATE_INFOPLIST_FILE = YES;
				MARKETING_VERSION = 1.0;
				PRODUCT_BUNDLE_IDENTIFIER = com.retailCam.io.RetailCamUITests;
				PRODUCT_NAME = "$(TARGET_NAME)";
				SWIFT_EMIT_LOC_STRINGS = NO;
				SWIFT_VERSION = 5.0;
				TARGETED_DEVICE_FAMILY = "1,2";
				TEST_TARGET_NAME = RetailCam;
			};
			name = Debug;
		};
		91F6F79C2C67359C00F7D312 /* Release */ = {
			isa = XCBuildConfiguration;
			buildSettings = {
				ALWAYS_EMBED_SWIFT_STANDARD_LIBRARIES = YES;
				CODE_SIGN_STYLE = Automatic;
				CURRENT_PROJECT_VERSION = 1;
				DEVELOPMENT_TEAM = G853KP8PLG;
				GENERATE_INFOPLIST_FILE = YES;
				MARKETING_VERSION = 1.0;
				PRODUCT_BUNDLE_IDENTIFIER = com.retailCam.io.RetailCamUITests;
				PRODUCT_NAME = "$(TARGET_NAME)";
				SWIFT_EMIT_LOC_STRINGS = NO;
				SWIFT_VERSION = 5.0;
				TARGETED_DEVICE_FAMILY = "1,2";
				TEST_TARGET_NAME = RetailCam;
			};
			name = Release;
		};
/* End XCBuildConfiguration section */

/* Begin XCConfigurationList section */
		91F6F7652C67359B00F7D312 /* Build configuration list for PBXProject "RetailCam" */ = {
			isa = XCConfigurationList;
			buildConfigurations = (
				91F6F7922C67359C00F7D312 /* Debug */,
				91F6F7932C67359C00F7D312 /* Release */,
			);
			defaultConfigurationIsVisible = 0;
			defaultConfigurationName = Release;
		};
		91F6F7942C67359C00F7D312 /* Build configuration list for PBXNativeTarget "RetailCam" */ = {
			isa = XCConfigurationList;
			buildConfigurations = (
				91F6F7952C67359C00F7D312 /* Debug */,
				91F6F7962C67359C00F7D312 /* Release */,
			);
			defaultConfigurationIsVisible = 0;
			defaultConfigurationName = Release;
		};
		91F6F7972C67359C00F7D312 /* Build configuration list for PBXNativeTarget "RetailCamTests" */ = {
			isa = XCConfigurationList;
			buildConfigurations = (
				91F6F7982C67359C00F7D312 /* Debug */,
				91F6F7992C67359C00F7D312 /* Release */,
			);
			defaultConfigurationIsVisible = 0;
			defaultConfigurationName = Release;
		};
		91F6F79A2C67359C00F7D312 /* Build configuration list for PBXNativeTarget "RetailCamUITests" */ = {
			isa = XCConfigurationList;
			buildConfigurations = (
				91F6F79B2C67359C00F7D312 /* Debug */,
				91F6F79C2C67359C00F7D312 /* Release */,
			);
			defaultConfigurationIsVisible = 0;
			defaultConfigurationName = Release;
		};
/* End XCConfigurationList section */

/* Begin XCRemoteSwiftPackageReference section */
		91F6F7EA2C67C81B00F7D312 /* XCRemoteSwiftPackageReference "MetalPetal" */ = {
			isa = XCRemoteSwiftPackageReference;
			repositoryURL = "https://github.com/MetalPetal/MetalPetal";
			requirement = {
				kind = upToNextMajorVersion;
				minimumVersion = 1.25.2;
			};
		};
/* End XCRemoteSwiftPackageReference section */

/* Begin XCSwiftPackageProductDependency section */
		91F6F7EB2C67C81B00F7D312 /* MetalPetal */ = {
			isa = XCSwiftPackageProductDependency;
			package = 91F6F7EA2C67C81B00F7D312 /* XCRemoteSwiftPackageReference "MetalPetal" */;
			productName = MetalPetal;
		};
/* End XCSwiftPackageProductDependency section */

/* Begin XCVersionGroup section */
		9123A1CA2C6BE6B2004E28F9 /* RetailCamPersistantContainer.xcdatamodeld */ = {
			isa = XCVersionGroup;
			children = (
				9123A1CB2C6BE6B2004E28F9 /* RetailCamPersistantContainer.xcdatamodel */,
			);
			currentVersion = 9123A1CB2C6BE6B2004E28F9 /* RetailCamPersistantContainer.xcdatamodel */;
			path = RetailCamPersistantContainer.xcdatamodeld;
			sourceTree = "<group>";
			versionGroupType = wrapper.xcdatamodel;
		};
/* End XCVersionGroup section */
	};
	rootObject = 91F6F7622C67359B00F7D312 /* Project object */;
}
